
Microsoft Visual Studio Solution File, Format Version 12.00
# Visual Studio Version 17
VisualStudioVersion = 17.14.36414.22
MinimumVisualStudioVersion = 10.0.40219.1
Project("{FAE04EC0-301F-11D3-BF4B-00C04F79EFBC}") = "Desktop", "src\ControleChamados\Desktop.csproj", "{5FE12CEC-063F-4F19-A105-8935BA02AAF6}"
EndProject
Global
	GlobalSection(SolutionConfigurationPlatforms) = preSolution
		Debug|Any CPU = Debug|Any CPU
		Release|Any CPU = Release|Any CPU
	EndGlobalSection
	GlobalSection(ProjectConfigurationPlatforms) = postSolution
		{5FE12CEC-063F-4F19-A105-8935BA02AAF6}.Debug|Any CPU.ActiveCfg = Debug|Any CPU
		{5FE12CEC-063F-4F19-A105-8935BA02AAF6}.Debug|Any CPU.Build.0 = Debug|Any CPU
		{5FE12CEC-063F-4F19-A105-8935BA02AAF6}.Release|Any CPU.ActiveCfg = Release|Any CPU
		{5FE12CEC-063F-4F19-A105-8935BA02AAF6}.Release|Any CPU.Build.0 = Release|Any CPU
	EndGlobalSection
	GlobalSection(SolutionProperties) = preSolution
		HideSolutionNode = FALSE
	EndGlobalSection
	GlobalSection(ExtensibilityGlobals) = postSolution
		SolutionGuid = {3F19D060-42E8-4808-BAA7-6987711C9BD5}
	EndGlobalSection
EndGlobal
